
Microsoft Visual Studio Solution File, Format Version 12.00
# Visual Studio Version 17
VisualStudioVersion = 17.5.33627.172
MinimumVisualStudioVersion = 10.0.40219.1
Project("{FAE04EC0-301F-11D3-BF4B-00C04F79EFBC}") = "PDC03_MODULE07.Android", "PDC03_MODULE07\PDC03_MODULE07.Android\PDC03_MODULE07.Android.csproj", "{9887F70C-D0D0-48CB-AD47-3ECC9DFE18A2}"
EndProject
Project("{FAE04EC0-301F-11D3-BF4B-00C04F79EFBC}") = "PDC03_MODULE07", "PDC03_MODULE07\PDC03_MODULE07\PDC03_MODULE07.csproj", "{3D5E12B4-13A4-475F-913D-055A29473339}"
EndProject
Global
	GlobalSection(SolutionConfigurationPlatforms) = preSolution
		Debug|Any CPU = Debug|Any CPU
		Release|Any CPU = Release|Any CPU
	EndGlobalSection
	GlobalSection(ProjectConfigurationPlatforms) = postSolution
		{9887F70C-D0D0-48CB-AD47-3ECC9DFE18A2}.Debug|Any CPU.ActiveCfg = Debug|Any CPU
		{9887F70C-D0D0-48CB-AD47-3ECC9DFE18A2}.Debug|Any CPU.Build.0 = Debug|Any CPU
		{9887F70C-D0D0-48CB-AD47-3ECC9DFE18A2}.Debug|Any CPU.Deploy.0 = Debug|Any CPU
		{9887F70C-D0D0-48CB-AD47-3ECC9DFE18A2}.Release|Any CPU.ActiveCfg = Release|Any CPU
		{9887F70C-D0D0-48CB-AD47-3ECC9DFE18A2}.Release|Any CPU.Build.0 = Release|Any CPU
		{9887F70C-D0D0-48CB-AD47-3ECC9DFE18A2}.Release|Any CPU.Deploy.0 = Release|Any CPU
		{3D5E12B4-13A4-475F-913D-055A29473339}.Debug|Any CPU.ActiveCfg = Debug|Any CPU
		{3D5E12B4-13A4-475F-913D-055A29473339}.Debug|Any CPU.Build.0 = Debug|Any CPU
		{3D5E12B4-13A4-475F-913D-055A29473339}.Debug|Any CPU.Deploy.0 = Debug|Any CPU
		{3D5E12B4-13A4-475F-913D-055A29473339}.Release|Any CPU.ActiveCfg = Release|Any CPU
		{3D5E12B4-13A4-475F-913D-055A29473339}.Release|Any CPU.Build.0 = Release|Any CPU
		{3D5E12B4-13A4-475F-913D-055A29473339}.Release|Any CPU.Deploy.0 = Release|Any CPU
	EndGlobalSection
	GlobalSection(SolutionProperties) = preSolution
		HideSolutionNode = FALSE
	EndGlobalSection
	GlobalSection(ExtensibilityGlobals) = postSolution
		SolutionGuid = {00C9A645-4697-4B94-8185-42F240DCE840}
	EndGlobalSection
EndGlobal
